
Microsoft Visual Studio Solution File, Format Version 12.00
# Visual Studio Version 17
VisualStudioVersion = 17.8.34330.188
MinimumVisualStudioVersion = 10.0.40219.1
Project("{FAE04EC0-301F-11D3-BF4B-00C04F79EFBC}") = "OptimaSecureUpsellPremiumValidation", "OptimaSecureUpsellPremiumValidation\OptimaSecureUpsellPremiumValidation.csproj", "{52476A8C-38CE-4AB2-A9B8-A34273DE3154}"
EndProject
Global
	GlobalSection(SolutionConfigurationPlatforms) = preSolution
		Debug|Any CPU = Debug|Any CPU
		Release|Any CPU = Release|Any CPU
	EndGlobalSection
	GlobalSection(ProjectConfigurationPlatforms) = postSolution
		{52476A8C-38CE-4AB2-A9B8-A34273DE3154}.Debug|Any CPU.ActiveCfg = Debug|Any CPU
		{52476A8C-38CE-4AB2-A9B8-A34273DE3154}.Debug|Any CPU.Build.0 = Debug|Any CPU
		{52476A8C-38CE-4AB2-A9B8-A34273DE3154}.Release|Any CPU.ActiveCfg = Release|Any CPU
		{52476A8C-38CE-4AB2-A9B8-A34273DE3154}.Release|Any CPU.Build.0 = Release|Any CPU
	EndGlobalSection
	GlobalSection(SolutionProperties) = preSolution
		HideSolutionNode = FALSE
	EndGlobalSection
	GlobalSection(ExtensibilityGlobals) = postSolution
		SolutionGuid = {0ACA797C-757F-4468-92C1-30C180166071}
	EndGlobalSection
EndGlobal
